
Microsoft Visual Studio Solution File, Format Version 12.00
# Visual Studio 15
Project("{FAE04EC0-301F-11D3-BF4B-00C04F79EFBC}") = "Assembly-CSharp", "Assembly-CSharp.csproj", "{47715B2E-B3BA-410A-3DD8-25F8BEBA8336}"
EndProject
Project("{FAE04EC0-301F-11D3-BF4B-00C04F79EFBC}") = "Oculus.VR", "Oculus.VR.csproj", "{3AC5DE05-9137-AF03-4FDC-2353D7145766}"
EndProject
Project("{FAE04EC0-301F-11D3-BF4B-00C04F79EFBC}") = "Assembly-CSharp-Editor", "Assembly-CSharp-Editor.csproj", "{1936A48E-8136-D434-C5FB-E9525CA66DC3}"
EndProject
Project("{FAE04EC0-301F-11D3-BF4B-00C04F79EFBC}") = "Oculus.VR.Scripts.Editor", "Oculus.VR.Scripts.Editor.csproj", "{567D1BE2-3227-17EA-FF50-EDB4CC2E9EFB}"
EndProject
Project("{FAE04EC0-301F-11D3-BF4B-00C04F79EFBC}") = "Oculus.VR.Editor", "Oculus.VR.Editor.csproj", "{83DC6EC7-EDC3-1DFE-E79A-37A0583F5119}"
EndProject
Global
	GlobalSection(SolutionConfigurationPlatforms) = preSolution
		Debug|Any CPU = Debug|Any CPU
		Release|Any CPU = Release|Any CPU
	EndGlobalSection
	GlobalSection(ProjectConfigurationPlatforms) = postSolution
		{47715B2E-B3BA-410A-3DD8-25F8BEBA8336}.Debug|Any CPU.ActiveCfg = Debug|Any CPU
		{47715B2E-B3BA-410A-3DD8-25F8BEBA8336}.Debug|Any CPU.Build.0 = Debug|Any CPU
		{47715B2E-B3BA-410A-3DD8-25F8BEBA8336}.Release|Any CPU.ActiveCfg = Release|Any CPU
		{47715B2E-B3BA-410A-3DD8-25F8BEBA8336}.Release|Any CPU.Build.0 = Release|Any CPU
		{3AC5DE05-9137-AF03-4FDC-2353D7145766}.Debug|Any CPU.ActiveCfg = Debug|Any CPU
		{3AC5DE05-9137-AF03-4FDC-2353D7145766}.Debug|Any CPU.Build.0 = Debug|Any CPU
		{3AC5DE05-9137-AF03-4FDC-2353D7145766}.Release|Any CPU.ActiveCfg = Release|Any CPU
		{3AC5DE05-9137-AF03-4FDC-2353D7145766}.Release|Any CPU.Build.0 = Release|Any CPU
		{1936A48E-8136-D434-C5FB-E9525CA66DC3}.Debug|Any CPU.ActiveCfg = Debug|Any CPU
		{1936A48E-8136-D434-C5FB-E9525CA66DC3}.Debug|Any CPU.Build.0 = Debug|Any CPU
		{1936A48E-8136-D434-C5FB-E9525CA66DC3}.Release|Any CPU.ActiveCfg = Release|Any CPU
		{1936A48E-8136-D434-C5FB-E9525CA66DC3}.Release|Any CPU.Build.0 = Release|Any CPU
		{567D1BE2-3227-17EA-FF50-EDB4CC2E9EFB}.Debug|Any CPU.ActiveCfg = Debug|Any CPU
		{567D1BE2-3227-17EA-FF50-EDB4CC2E9EFB}.Debug|Any CPU.Build.0 = Debug|Any CPU
		{567D1BE2-3227-17EA-FF50-EDB4CC2E9EFB}.Release|Any CPU.ActiveCfg = Release|Any CPU
		{567D1BE2-3227-17EA-FF50-EDB4CC2E9EFB}.Release|Any CPU.Build.0 = Release|Any CPU
		{83DC6EC7-EDC3-1DFE-E79A-37A0583F5119}.Debug|Any CPU.ActiveCfg = Debug|Any CPU
		{83DC6EC7-EDC3-1DFE-E79A-37A0583F5119}.Debug|Any CPU.Build.0 = Debug|Any CPU
		{83DC6EC7-EDC3-1DFE-E79A-37A0583F5119}.Release|Any CPU.ActiveCfg = Release|Any CPU
		{83DC6EC7-EDC3-1DFE-E79A-37A0583F5119}.Release|Any CPU.Build.0 = Release|Any CPU
	EndGlobalSection
	GlobalSection(SolutionProperties) = preSolution
		HideSolutionNode = FALSE
	EndGlobalSection
EndGlobal
